
Microsoft Visual Studio Solution File, Format Version 12.00
# Visual Studio Version 17
VisualStudioVersion = 17.12.35707.178
MinimumVisualStudioVersion = 10.0.40219.1
Project("{2150E333-8FDC-42A3-9474-1A3956D46DE8}") = "src", "src", "{2EA7DDBA-C567-4AC4-9370-71D91D5BB850}"
EndProject
Project("{2150E333-8FDC-42A3-9474-1A3956D46DE8}") = "docs", "docs", "{FDC3082E-CB25-4A00-AEB7-638A0C7E5F4E}"
EndProject
Project("{2150E333-8FDC-42A3-9474-1A3956D46DE8}") = "test", "test", "{578DF221-4CCB-419A-9D38-BC14DC353330}"
EndProject
Project("{2150E333-8FDC-42A3-9474-1A3956D46DE8}") = "UI", "UI", "{D5681BDB-8BAC-4D8A-BBD7-16DABE193E97}"
EndProject
Project("{2150E333-8FDC-42A3-9474-1A3956D46DE8}") = "Business", "Business", "{A9BBA6AE-CDB7-4F05-B089-F1E24499908F}"
EndProject
Project("{2150E333-8FDC-42A3-9474-1A3956D46DE8}") = "DataAccess", "DataAccess", "{EB34CE4C-CDC9-4490-858C-04478432E4D5}"
EndProject
Project("{2150E333-8FDC-42A3-9474-1A3956D46DE8}") = "Common", "Common", "{4863FA10-C8DA-4B48-9587-DEC27012BC90}"
EndProject
Project("{2150E333-8FDC-42A3-9474-1A3956D46DE8}") = "Core", "Core", "{E84F6235-FF17-4EA6-B0D3-E080F5FC21DD}"
EndProject
Project("{FAE04EC0-301F-11D3-BF4B-00C04F79EFBC}") = "PaySlips.Core", "PaySlips.Core\PaySlips.Core.csproj", "{5687FD66-A153-4B14-BFFE-E0C4750DAD35}"
EndProject
Project("{2150E333-8FDC-42A3-9474-1A3956D46DE8}") = "Service", "Service", "{99DE03F4-0055-498A-B6C5-783792AC1FD9}"
EndProject
Project("{FAE04EC0-301F-11D3-BF4B-00C04F79EFBC}") = "ServiceTeacher", "ServiceTeacher\ServiceTeacher.csproj", "{566818B0-0999-4E11-B9EC-2E78DB7703DE}"
EndProject
Project("{2150E333-8FDC-42A3-9474-1A3956D46DE8}") = "Service", "Service", "{18A37AD4-A2F5-4868-A595-96EE35AC6BB4}"
EndProject
Project("{2150E333-8FDC-42A3-9474-1A3956D46DE8}") = "ServiceTeacher", "ServiceTeacher", "{EE8F1504-9D2D-417C-B51A-74A3BEEE2728}"
EndProject
Project("{FAE04EC0-301F-11D3-BF4B-00C04F79EFBC}") = "ServiceTeacher.Test", "ServiceTeacher.Test\ServiceTeacher.Test.csproj", "{BBC774CE-C635-4850-ADA3-E265EE9FB1DB}"
EndProject
Global
	GlobalSection(SolutionConfigurationPlatforms) = preSolution
		Debug|Any CPU = Debug|Any CPU
		Release|Any CPU = Release|Any CPU
	EndGlobalSection
	GlobalSection(ProjectConfigurationPlatforms) = postSolution
		{5687FD66-A153-4B14-BFFE-E0C4750DAD35}.Debug|Any CPU.ActiveCfg = Debug|Any CPU
		{5687FD66-A153-4B14-BFFE-E0C4750DAD35}.Debug|Any CPU.Build.0 = Debug|Any CPU
		{5687FD66-A153-4B14-BFFE-E0C4750DAD35}.Release|Any CPU.ActiveCfg = Release|Any CPU
		{5687FD66-A153-4B14-BFFE-E0C4750DAD35}.Release|Any CPU.Build.0 = Release|Any CPU
		{566818B0-0999-4E11-B9EC-2E78DB7703DE}.Debug|Any CPU.ActiveCfg = Debug|Any CPU
		{566818B0-0999-4E11-B9EC-2E78DB7703DE}.Debug|Any CPU.Build.0 = Debug|Any CPU
		{566818B0-0999-4E11-B9EC-2E78DB7703DE}.Release|Any CPU.ActiveCfg = Release|Any CPU
		{566818B0-0999-4E11-B9EC-2E78DB7703DE}.Release|Any CPU.Build.0 = Release|Any CPU
		{BBC774CE-C635-4850-ADA3-E265EE9FB1DB}.Debug|Any CPU.ActiveCfg = Debug|Any CPU
		{BBC774CE-C635-4850-ADA3-E265EE9FB1DB}.Debug|Any CPU.Build.0 = Debug|Any CPU
		{BBC774CE-C635-4850-ADA3-E265EE9FB1DB}.Release|Any CPU.ActiveCfg = Release|Any CPU
		{BBC774CE-C635-4850-ADA3-E265EE9FB1DB}.Release|Any CPU.Build.0 = Release|Any CPU
	EndGlobalSection
	GlobalSection(SolutionProperties) = preSolution
		HideSolutionNode = FALSE
	EndGlobalSection
	GlobalSection(NestedProjects) = preSolution
		{D5681BDB-8BAC-4D8A-BBD7-16DABE193E97} = {2EA7DDBA-C567-4AC4-9370-71D91D5BB850}
		{A9BBA6AE-CDB7-4F05-B089-F1E24499908F} = {2EA7DDBA-C567-4AC4-9370-71D91D5BB850}
		{EB34CE4C-CDC9-4490-858C-04478432E4D5} = {2EA7DDBA-C567-4AC4-9370-71D91D5BB850}
		{4863FA10-C8DA-4B48-9587-DEC27012BC90} = {2EA7DDBA-C567-4AC4-9370-71D91D5BB850}
		{E84F6235-FF17-4EA6-B0D3-E080F5FC21DD} = {2EA7DDBA-C567-4AC4-9370-71D91D5BB850}
		{5687FD66-A153-4B14-BFFE-E0C4750DAD35} = {E84F6235-FF17-4EA6-B0D3-E080F5FC21DD}
		{99DE03F4-0055-498A-B6C5-783792AC1FD9} = {A9BBA6AE-CDB7-4F05-B089-F1E24499908F}
		{566818B0-0999-4E11-B9EC-2E78DB7703DE} = {99DE03F4-0055-498A-B6C5-783792AC1FD9}
		{18A37AD4-A2F5-4868-A595-96EE35AC6BB4} = {578DF221-4CCB-419A-9D38-BC14DC353330}
		{EE8F1504-9D2D-417C-B51A-74A3BEEE2728} = {18A37AD4-A2F5-4868-A595-96EE35AC6BB4}
		{BBC774CE-C635-4850-ADA3-E265EE9FB1DB} = {EE8F1504-9D2D-417C-B51A-74A3BEEE2728}
	EndGlobalSection
EndGlobal
